
Microsoft Visual Studio Solution File, Format Version 12.00
# Visual Studio Version 17
VisualStudioVersion = 17.4.33122.133
MinimumVisualStudioVersion = 10.0.40219.1
Project("{FAE04EC0-301F-11D3-BF4B-00C04F79EFBC}") = "LightBramble", "OWML.LightBramble\LightBramble.csproj", "{C19CC2AA-5694-44E6-B653-1BF7E953F105}"
EndProject
Project("{9A19103F-16F7-4668-BE54-9A1E7A4F7556}") = "Assembly-CSharp", "..\Unity Source\Assembly-CSharp.csproj", "{24991B51-2D1B-4031-A7D6-1C93C2CE4410}"
EndProject
Global
	GlobalSection(SolutionConfigurationPlatforms) = preSolution
		Debug|Any CPU = Debug|Any CPU
		Release|Any CPU = Release|Any CPU
	EndGlobalSection
	GlobalSection(ProjectConfigurationPlatforms) = postSolution
		{C19CC2AA-5694-44E6-B653-1BF7E953F105}.Debug|Any CPU.ActiveCfg = Debug|Any CPU
		{C19CC2AA-5694-44E6-B653-1BF7E953F105}.Debug|Any CPU.Build.0 = Debug|Any CPU
		{C19CC2AA-5694-44E6-B653-1BF7E953F105}.Release|Any CPU.ActiveCfg = Release|Any CPU
		{C19CC2AA-5694-44E6-B653-1BF7E953F105}.Release|Any CPU.Build.0 = Release|Any CPU
		{24991B51-2D1B-4031-A7D6-1C93C2CE4410}.Debug|Any CPU.ActiveCfg = Debug|Any CPU
		{24991B51-2D1B-4031-A7D6-1C93C2CE4410}.Release|Any CPU.ActiveCfg = Release|Any CPU
	EndGlobalSection
	GlobalSection(SolutionProperties) = preSolution
		HideSolutionNode = FALSE
	EndGlobalSection
	GlobalSection(ExtensibilityGlobals) = postSolution
		SolutionGuid = {E0AFD023-D84D-4EB5-9529-94F8DDF45C93}
	EndGlobalSection
EndGlobal
