
Microsoft Visual Studio Solution File, Format Version 12.00
# Visual Studio Version 17
VisualStudioVersion = 17.4.33122.133
MinimumVisualStudioVersion = 10.0.40219.1
Project("{9A19103F-16F7-4668-BE54-9A1E7A4F7556}") = "LightBramble", "OWML.LightBramble\LightBramble.csproj", "{027FD43D-D0FF-43B2-8B5A-D4EB4346B860}"
EndProject
Global
	GlobalSection(SolutionConfigurationPlatforms) = preSolution
		Debug|Any CPU = Debug|Any CPU
		Release|Any CPU = Release|Any CPU
	EndGlobalSection
	GlobalSection(ProjectConfigurationPlatforms) = postSolution
		{027FD43D-D0FF-43B2-8B5A-D4EB4346B860}.Debug|Any CPU.ActiveCfg = Debug|Any CPU
		{027FD43D-D0FF-43B2-8B5A-D4EB4346B860}.Debug|Any CPU.Build.0 = Debug|Any CPU
		{027FD43D-D0FF-43B2-8B5A-D4EB4346B860}.Release|Any CPU.ActiveCfg = Release|Any CPU
		{027FD43D-D0FF-43B2-8B5A-D4EB4346B860}.Release|Any CPU.Build.0 = Release|Any CPU
	EndGlobalSection
	GlobalSection(SolutionProperties) = preSolution
		HideSolutionNode = FALSE
	EndGlobalSection
	GlobalSection(ExtensibilityGlobals) = postSolution
		SolutionGuid = {E0AFD023-D84D-4EB5-9529-94F8DDF45C93}
	EndGlobalSection
EndGlobal
